
Microsoft Visual Studio Solution File, Format Version 12.00
# Visual Studio Version 17
VisualStudioVersion = 17.0.31903.59
MinimumVisualStudioVersion = 10.0.40219.1
Project("{FAE04EC0-301F-11D3-BF4B-00C04F79EFBC}") = "SGLibCS.Playground", "SGLibCS.Playground\SGLibCS.Playground.csproj", "{DE8496BD-2FC5-4476-BF87-A4A730C5F06B}"
EndProject
Project("{2150E333-8FDC-42A3-9474-1A3956D46DE8}") = "SGLibCS.Ms", "SGLibCS.Ms", "{F0DA20BB-1FBD-47DB-9F3C-8D11AFCEB7F5}"
EndProject
Project("{FAE04EC0-301F-11D3-BF4B-00C04F79EFBC}") = "SGLibCS.Ms", "SGLibCS.Ms\SGLibCS.Ms\SGLibCS.Ms.csproj", "{3E4DB4CA-583A-4A82-98A1-DE7499B1EBF3}"
EndProject
Project("{FAE04EC0-301F-11D3-BF4B-00C04F79EFBC}") = "SGLibCS.Ms.Tests", "SGLibCS.Ms\SGLibCS.Ms.Tests\SGLibCS.Ms.Tests.csproj", "{B46367AF-0DA0-4464-A0D5-56F042D6FB25}"
EndProject
Global
	GlobalSection(SolutionConfigurationPlatforms) = preSolution
		Debug|Any CPU = Debug|Any CPU
		Release|Any CPU = Release|Any CPU
	EndGlobalSection
	GlobalSection(SolutionProperties) = preSolution
		HideSolutionNode = FALSE
	EndGlobalSection
	GlobalSection(ProjectConfigurationPlatforms) = postSolution
		{DE8496BD-2FC5-4476-BF87-A4A730C5F06B}.Debug|Any CPU.ActiveCfg = Debug|Any CPU
		{DE8496BD-2FC5-4476-BF87-A4A730C5F06B}.Debug|Any CPU.Build.0 = Debug|Any CPU
		{DE8496BD-2FC5-4476-BF87-A4A730C5F06B}.Release|Any CPU.ActiveCfg = Release|Any CPU
		{DE8496BD-2FC5-4476-BF87-A4A730C5F06B}.Release|Any CPU.Build.0 = Release|Any CPU
		{3E4DB4CA-583A-4A82-98A1-DE7499B1EBF3}.Debug|Any CPU.ActiveCfg = Debug|Any CPU
		{3E4DB4CA-583A-4A82-98A1-DE7499B1EBF3}.Debug|Any CPU.Build.0 = Debug|Any CPU
		{3E4DB4CA-583A-4A82-98A1-DE7499B1EBF3}.Release|Any CPU.ActiveCfg = Release|Any CPU
		{3E4DB4CA-583A-4A82-98A1-DE7499B1EBF3}.Release|Any CPU.Build.0 = Release|Any CPU
		{B46367AF-0DA0-4464-A0D5-56F042D6FB25}.Debug|Any CPU.ActiveCfg = Debug|Any CPU
		{B46367AF-0DA0-4464-A0D5-56F042D6FB25}.Debug|Any CPU.Build.0 = Debug|Any CPU
		{B46367AF-0DA0-4464-A0D5-56F042D6FB25}.Release|Any CPU.ActiveCfg = Release|Any CPU
		{B46367AF-0DA0-4464-A0D5-56F042D6FB25}.Release|Any CPU.Build.0 = Release|Any CPU
	EndGlobalSection
	GlobalSection(NestedProjects) = preSolution
		{3E4DB4CA-583A-4A82-98A1-DE7499B1EBF3} = {F0DA20BB-1FBD-47DB-9F3C-8D11AFCEB7F5}
		{B46367AF-0DA0-4464-A0D5-56F042D6FB25} = {F0DA20BB-1FBD-47DB-9F3C-8D11AFCEB7F5}
	EndGlobalSection
EndGlobal
